
Microsoft Visual Studio Solution File, Format Version 12.00
# Visual Studio Version 16
VisualStudioVersion = 16.0.30406.217
MinimumVisualStudioVersion = 10.0.40219.1
Project("{FAE04EC0-301F-11D3-BF4B-00C04F79EFBC}") = "DictionaryDemo2", "DictionaryDemo2\DictionaryDemo2.csproj", "{79F9B5AD-860B-4552-B67A-3DD475878327}"
EndProject
Global
	GlobalSection(SolutionConfigurationPlatforms) = preSolution
		Debug|Any CPU = Debug|Any CPU
		Release|Any CPU = Release|Any CPU
	EndGlobalSection
	GlobalSection(ProjectConfigurationPlatforms) = postSolution
		{79F9B5AD-860B-4552-B67A-3DD475878327}.Debug|Any CPU.ActiveCfg = Debug|Any CPU
		{79F9B5AD-860B-4552-B67A-3DD475878327}.Debug|Any CPU.Build.0 = Debug|Any CPU
		{79F9B5AD-860B-4552-B67A-3DD475878327}.Release|Any CPU.ActiveCfg = Release|Any CPU
		{79F9B5AD-860B-4552-B67A-3DD475878327}.Release|Any CPU.Build.0 = Release|Any CPU
	EndGlobalSection
	GlobalSection(SolutionProperties) = preSolution
		HideSolutionNode = FALSE
	EndGlobalSection
	GlobalSection(ExtensibilityGlobals) = postSolution
		SolutionGuid = {73C85BE1-7C41-4D00-AEA0-9ECF79548AC8}
	EndGlobalSection
EndGlobal
